
Microsoft Visual Studio Solution File, Format Version 10.00
# Visual Studio 2008
Project("{8BC9CEB8-8B4A-11D0-8D11-00A0C91BC942}") = "game", "src\game.vcproj", "{04622C6D-C7CD-4511-A00E-005949256FBA}"
	ProjectSection(ProjectDependencies) = postProject
		{A1343B5D-70C8-4854-A96A-6834F78E1CEB} = {A1343B5D-70C8-4854-A96A-6834F78E1CEB}
		{282412AE-E42F-4CCE-AA68-7A5952123AA6} = {282412AE-E42F-4CCE-AA68-7A5952123AA6}
	EndProjectSection
EndProject
Project("{8BC9CEB8-8B4A-11D0-8D11-00A0C91BC942}") = "shared", "src\shared.vcproj", "{4CA929A3-1073-4120-AE68-BD7E111F82A3}"
	ProjectSection(ProjectDependencies) = postProject
		{52A89C8A-06DB-467D-9A24-57E775B09885} = {52A89C8A-06DB-467D-9A24-57E775B09885}
	EndProjectSection
EndProject
Project("{8BC9CEB8-8B4A-11D0-8D11-00A0C91BC942}") = "ttvfs", "src\ttvfs.vcproj", "{52A89C8A-06DB-467D-9A24-57E775B09885}"
EndProject
Project("{8BC9CEB8-8B4A-11D0-8D11-00A0C91BC942}") = "lua", "src\lua.vcproj", "{A1343B5D-70C8-4854-A96A-6834F78E1CEB}"
EndProject
Project("{8BC9CEB8-8B4A-11D0-8D11-00A0C91BC942}") = "engine", "src\engine.vcproj", "{282412AE-E42F-4CCE-AA68-7A5952123AA6}"
	ProjectSection(ProjectDependencies) = postProject
		{59F78766-EBB2-4E59-B478-DB6420F91A0A} = {59F78766-EBB2-4E59-B478-DB6420F91A0A}
		{52A89C8A-06DB-467D-9A24-57E775B09885} = {52A89C8A-06DB-467D-9A24-57E775B09885}
		{4CA929A3-1073-4120-AE68-BD7E111F82A3} = {4CA929A3-1073-4120-AE68-BD7E111F82A3}
	EndProjectSection
EndProject
Project("{8BC9CEB8-8B4A-11D0-8D11-00A0C91BC942}") = "gme", "src\gme.vcproj", "{59F78766-EBB2-4E59-B478-DB6420F91A0A}"
EndProject
Global
	GlobalSection(SolutionConfigurationPlatforms) = preSolution
		Debug|Win32 = Debug|Win32
		Release|Win32 = Release|Win32
	EndGlobalSection
	GlobalSection(ProjectConfigurationPlatforms) = postSolution
		{04622C6D-C7CD-4511-A00E-005949256FBA}.Debug|Win32.ActiveCfg = Debug|Win32
		{04622C6D-C7CD-4511-A00E-005949256FBA}.Debug|Win32.Build.0 = Debug|Win32
		{04622C6D-C7CD-4511-A00E-005949256FBA}.Release|Win32.ActiveCfg = Release|Win32
		{04622C6D-C7CD-4511-A00E-005949256FBA}.Release|Win32.Build.0 = Release|Win32
		{4CA929A3-1073-4120-AE68-BD7E111F82A3}.Debug|Win32.ActiveCfg = Debug|Win32
		{4CA929A3-1073-4120-AE68-BD7E111F82A3}.Debug|Win32.Build.0 = Debug|Win32
		{4CA929A3-1073-4120-AE68-BD7E111F82A3}.Release|Win32.ActiveCfg = Release|Win32
		{4CA929A3-1073-4120-AE68-BD7E111F82A3}.Release|Win32.Build.0 = Release|Win32
		{52A89C8A-06DB-467D-9A24-57E775B09885}.Debug|Win32.ActiveCfg = Debug|Win32
		{52A89C8A-06DB-467D-9A24-57E775B09885}.Debug|Win32.Build.0 = Debug|Win32
		{52A89C8A-06DB-467D-9A24-57E775B09885}.Release|Win32.ActiveCfg = Release|Win32
		{52A89C8A-06DB-467D-9A24-57E775B09885}.Release|Win32.Build.0 = Release|Win32
		{A1343B5D-70C8-4854-A96A-6834F78E1CEB}.Debug|Win32.ActiveCfg = Debug|Win32
		{A1343B5D-70C8-4854-A96A-6834F78E1CEB}.Debug|Win32.Build.0 = Debug|Win32
		{A1343B5D-70C8-4854-A96A-6834F78E1CEB}.Release|Win32.ActiveCfg = Release|Win32
		{A1343B5D-70C8-4854-A96A-6834F78E1CEB}.Release|Win32.Build.0 = Release|Win32
		{282412AE-E42F-4CCE-AA68-7A5952123AA6}.Debug|Win32.ActiveCfg = Debug|Win32
		{282412AE-E42F-4CCE-AA68-7A5952123AA6}.Debug|Win32.Build.0 = Debug|Win32
		{282412AE-E42F-4CCE-AA68-7A5952123AA6}.Release|Win32.ActiveCfg = Release|Win32
		{282412AE-E42F-4CCE-AA68-7A5952123AA6}.Release|Win32.Build.0 = Release|Win32
		{59F78766-EBB2-4E59-B478-DB6420F91A0A}.Debug|Win32.ActiveCfg = Debug|Win32
		{59F78766-EBB2-4E59-B478-DB6420F91A0A}.Debug|Win32.Build.0 = Debug|Win32
		{59F78766-EBB2-4E59-B478-DB6420F91A0A}.Release|Win32.ActiveCfg = Release|Win32
		{59F78766-EBB2-4E59-B478-DB6420F91A0A}.Release|Win32.Build.0 = Release|Win32
	EndGlobalSection
	GlobalSection(SolutionProperties) = preSolution
		HideSolutionNode = FALSE
	EndGlobalSection
EndGlobal
